
Microsoft Visual Studio Solution File, Format Version 12.00
# Visual Studio 2012
Project("{FAE04EC0-301F-11D3-BF4B-00C04F79EFBC}") = "CSharpScripting", "Addons\CSharpScripting\src\CSharpScripting.csproj", "{5D3A661D-BBF2-4695-8E31-1AD824D2B20B}"
EndProject
Project("{FAE04EC0-301F-11D3-BF4B-00C04F79EFBC}") = "CSCenterOp", "Addons\ConstraintOps\cssrc_CenterOp\CSCenterOp.csproj", "{1C85FF6B-C47E-46DD-8A4B-D16694FE9550}"
EndProject
Project("{FAE04EC0-301F-11D3-BF4B-00C04F79EFBC}") = "CSProjectSelector", "Addons\ProjectSelector\cssrc\CSProjectSelector.csproj", "{6B8F56F8-E915-4CBB-A18C-1E5A3963A730}"
EndProject
Project("{FAE04EC0-301F-11D3-BF4B-00C04F79EFBC}") = "CSSplatterOp", "Addons\DeformOperators\cssrc_Splatter\CSSplatterOp.csproj", "{71569325-0204-455B-8DBD-84A95CEC73DA}"
EndProject
Project("{FAE04EC0-301F-11D3-BF4B-00C04F79EFBC}") = "CSTriangleFilter", "Addons\SimpleFilter\cssrc_TriangleFilter\CSTriangleFilter.csproj", "{CDE6C316-BBB7-4976-8F24-5B05B39202C0}"
EndProject
Project("{FAE04EC0-301F-11D3-BF4B-00C04F79EFBC}") = "SimpleCSCommand", "Addons\SimpleCommand\cssrc\SimpleCSCommand.csproj", "{AB488CB6-C751-4D32-AD5B-C6DD92ECC38C}"
EndProject
Project("{FAE04EC0-301F-11D3-BF4B-00C04F79EFBC}") = "XSIClientSample", "Addons\XSIServer\XSIClientSample\XSIClientSample.csproj", "{252E0FC2-0D5C-494D-AECD-1095D3D24B72}"
EndProject
Project("{FAE04EC0-301F-11D3-BF4B-00C04F79EFBC}") = "XSIServer", "Addons\XSIServer\cssrc\XSIServer.csproj", "{A3D9B500-EEB6-47E0-88F5-08AD20F2BB10}"
EndProject
Global
	GlobalSection(SolutionConfigurationPlatforms) = preSolution
		Debug|Any CPU = Debug|Any CPU
		Release|Any CPU = Release|Any CPU
	EndGlobalSection
	GlobalSection(ProjectConfigurationPlatforms) = postSolution
		{5D3A661D-BBF2-4695-8E31-1AD824D2B20B}.Debug|Any CPU.ActiveCfg = Debug|Any CPU
		{5D3A661D-BBF2-4695-8E31-1AD824D2B20B}.Debug|Any CPU.Build.0 = Debug|Any CPU
		{5D3A661D-BBF2-4695-8E31-1AD824D2B20B}.Release|Any CPU.ActiveCfg = Release|Any CPU
		{5D3A661D-BBF2-4695-8E31-1AD824D2B20B}.Release|Any CPU.Build.0 = Release|Any CPU
		{1C85FF6B-C47E-46DD-8A4B-D16694FE9550}.Debug|Any CPU.ActiveCfg = Debug|Any CPU
		{1C85FF6B-C47E-46DD-8A4B-D16694FE9550}.Debug|Any CPU.Build.0 = Debug|Any CPU
		{1C85FF6B-C47E-46DD-8A4B-D16694FE9550}.Release|Any CPU.ActiveCfg = Release|Any CPU
		{1C85FF6B-C47E-46DD-8A4B-D16694FE9550}.Release|Any CPU.Build.0 = Release|Any CPU
		{6B8F56F8-E915-4CBB-A18C-1E5A3963A730}.Debug|Any CPU.ActiveCfg = Debug|Any CPU
		{6B8F56F8-E915-4CBB-A18C-1E5A3963A730}.Debug|Any CPU.Build.0 = Debug|Any CPU
		{6B8F56F8-E915-4CBB-A18C-1E5A3963A730}.Release|Any CPU.ActiveCfg = Release|Any CPU
		{6B8F56F8-E915-4CBB-A18C-1E5A3963A730}.Release|Any CPU.Build.0 = Release|Any CPU
		{71569325-0204-455B-8DBD-84A95CEC73DA}.Debug|Any CPU.ActiveCfg = Debug|Any CPU
		{71569325-0204-455B-8DBD-84A95CEC73DA}.Debug|Any CPU.Build.0 = Debug|Any CPU
		{71569325-0204-455B-8DBD-84A95CEC73DA}.Release|Any CPU.ActiveCfg = Release|Any CPU
		{71569325-0204-455B-8DBD-84A95CEC73DA}.Release|Any CPU.Build.0 = Release|Any CPU
		{CDE6C316-BBB7-4976-8F24-5B05B39202C0}.Debug|Any CPU.ActiveCfg = Debug|Any CPU
		{CDE6C316-BBB7-4976-8F24-5B05B39202C0}.Debug|Any CPU.Build.0 = Debug|Any CPU
		{CDE6C316-BBB7-4976-8F24-5B05B39202C0}.Release|Any CPU.ActiveCfg = Release|Any CPU
		{CDE6C316-BBB7-4976-8F24-5B05B39202C0}.Release|Any CPU.Build.0 = Release|Any CPU
		{AB488CB6-C751-4D32-AD5B-C6DD92ECC38C}.Debug|Any CPU.ActiveCfg = Debug|Any CPU
		{AB488CB6-C751-4D32-AD5B-C6DD92ECC38C}.Debug|Any CPU.Build.0 = Debug|Any CPU
		{AB488CB6-C751-4D32-AD5B-C6DD92ECC38C}.Release|Any CPU.ActiveCfg = Release|Any CPU
		{AB488CB6-C751-4D32-AD5B-C6DD92ECC38C}.Release|Any CPU.Build.0 = Release|Any CPU
		{252E0FC2-0D5C-494D-AECD-1095D3D24B72}.Debug|Any CPU.ActiveCfg = Debug|Any CPU
		{252E0FC2-0D5C-494D-AECD-1095D3D24B72}.Debug|Any CPU.Build.0 = Debug|Any CPU
		{252E0FC2-0D5C-494D-AECD-1095D3D24B72}.Release|Any CPU.ActiveCfg = Release|Any CPU
		{252E0FC2-0D5C-494D-AECD-1095D3D24B72}.Release|Any CPU.Build.0 = Release|Any CPU
		{A3D9B500-EEB6-47E0-88F5-08AD20F2BB10}.Debug|Any CPU.ActiveCfg = Debug|Any CPU
		{A3D9B500-EEB6-47E0-88F5-08AD20F2BB10}.Debug|Any CPU.Build.0 = Debug|Any CPU
		{A3D9B500-EEB6-47E0-88F5-08AD20F2BB10}.Release|Any CPU.ActiveCfg = Release|Any CPU
		{A3D9B500-EEB6-47E0-88F5-08AD20F2BB10}.Release|Any CPU.Build.0 = Release|Any CPU
	EndGlobalSection
	GlobalSection(SolutionProperties) = preSolution
		HideSolutionNode = FALSE
	EndGlobalSection
	GlobalSection(RationalClearCase) = preSolution
		SourceControlProvider = RationalClearCase
	EndGlobalSection
EndGlobal
